
Microsoft Visual Studio Solution File, Format Version 12.00
Project("{FAE04EC0-301F-11D3-BF4B-00C04F79EFBC}") = "lesson4-12-10-2021", "lesson4-12-10-2021.csproj", "{163FA0AE-7479-411E-BC2E-6E4FE32C9969}"
EndProject
Global
	GlobalSection(SolutionConfigurationPlatforms) = preSolution
		Debug|Any CPU = Debug|Any CPU
		Release|Any CPU = Release|Any CPU
	EndGlobalSection
	GlobalSection(ProjectConfigurationPlatforms) = postSolution
		{163FA0AE-7479-411E-BC2E-6E4FE32C9969}.Debug|Any CPU.ActiveCfg = Debug|Any CPU
		{163FA0AE-7479-411E-BC2E-6E4FE32C9969}.Debug|Any CPU.Build.0 = Debug|Any CPU
		{163FA0AE-7479-411E-BC2E-6E4FE32C9969}.Release|Any CPU.ActiveCfg = Release|Any CPU
		{163FA0AE-7479-411E-BC2E-6E4FE32C9969}.Release|Any CPU.Build.0 = Release|Any CPU
	EndGlobalSection
EndGlobal
